Microsoft Visual Studio Solution File, Format Version 12.00
# Visual Studio Version 17
VisualStudioVersion = 17.0.31903.59
MinimumVisualStudioVersion = 10.0.40219.1
Project("{FAE04EC0-301F-11D3-BF4B-00C04F79EFBC}") = "Server.Domain", "src\server\Server.Domain\Server.Domain.csproj", "{0359F104-5020-4D39-9697-7EC365DB4FEF}"
EndProject
Project("{FAE04EC0-301F-11D3-BF4B-00C04F79EFBC}") = "Server.Application", "src\server\Server.Application\Server.Application.csproj", "{D9C54A7E-5614-44ED-9DD2-836FEB466AAD}"
EndProject
Project("{FAE04EC0-301F-11D3-BF4B-00C04F79EFBC}") = "Server.Infrastructure", "src\server\Server.Infrastructure\Server.Infrastructure.csproj", "{1E82AF19-8B80-421F-8A25-0E83819D3658}"
EndProject
Project("{FAE04EC0-301F-11D3-BF4B-00C04F79EFBC}") = "Server.Api", "src\server\Server.Api\Server.Api.csproj", "{15B5C649-0007-4AE3-8B5D-7F00103917E9}"
EndProject
Project("{FAE04EC0-301F-11D3-BF4B-00C04F79EFBC}") = "Server.Tests", "tests\Server.Tests\Server.Tests.csproj", "{8921DBB2-12B1-4963-A744-28BF6ED29915}"
EndProject
Project("{FAE04EC0-301F-11D3-BF4B-00C04F79EFBC}") = "Client.Domain", "src\client\Client.Domain\Client.Domain.csproj", "{9E0B597C-4E66-4621-B230-7036DA70DC6C}"
EndProject
Project("{FAE04EC0-301F-11D3-BF4B-00C04F79EFBC}") = "Client.Application", "src\client\Client.Application\Client.Application.csproj", "{0BC925DF-D8D6-4003-8048-7C58C145BB15}"
EndProject
Project("{FAE04EC0-301F-11D3-BF4B-00C04F79EFBC}") = "Client.Infrastructure", "src\client\Client.Infrastructure\Client.Infrastructure.csproj", "{03B77C9A-4805-4491-813D-9931323914A6}"
EndProject
Project("{FAE04EC0-301F-11D3-BF4B-00C04F79EFBC}") = "Client.Presentation", "src\client\Client.Presentation\Client.Presentation.csproj", "{E9F89FBC-055F-4212-A50A-39089D9BFD78}"
EndProject
Project("{FAE04EC0-301F-11D3-BF4B-00C04F79EFBC}") = "Client.Tests", "tests\Client.Tests\Client.Tests.csproj", "{6A14F7F9-CDDD-45AE-8A2B-8821B8BBD4A2}"
EndProject
Project("{FAE04EC0-301F-11D3-BF4B-00C04F79EFBC}") = "AcceptanceTests", "tests\AcceptanceTests\AcceptanceTests.csproj", "{BEDD4EE4-97E0-4C6C-B1F5-B0B150EE13DE}"
EndProject
Global
	GlobalSection(SolutionConfigurationPlatforms) = preSolution
		Debug|Any CPU = Debug|Any CPU
		Release|Any CPU = Release|Any CPU
	EndGlobalSection
	GlobalSection(ProjectConfigurationPlatforms) = postSolution
		{0359F104-5020-4D39-9697-7EC365DB4FEF}.Debug|Any CPU.ActiveCfg = Debug|Any CPU
		{0359F104-5020-4D39-9697-7EC365DB4FEF}.Debug|Any CPU.Build.0 = Debug|Any CPU
		{0359F104-5020-4D39-9697-7EC365DB4FEF}.Release|Any CPU.ActiveCfg = Release|Any CPU
		{0359F104-5020-4D39-9697-7EC365DB4FEF}.Release|Any CPU.Build.0 = Release|Any CPU
		{D9C54A7E-5614-44ED-9DD2-836FEB466AAD}.Debug|Any CPU.ActiveCfg = Debug|Any CPU
		{D9C54A7E-5614-44ED-9DD2-836FEB466AAD}.Debug|Any CPU.Build.0 = Debug|Any CPU
		{D9C54A7E-5614-44ED-9DD2-836FEB466AAD}.Release|Any CPU.ActiveCfg = Release|Any CPU
		{D9C54A7E-5614-44ED-9DD2-836FEB466AAD}.Release|Any CPU.Build.0 = Release|Any CPU
		{1E82AF19-8B80-421F-8A25-0E83819D3658}.Debug|Any CPU.ActiveCfg = Debug|Any CPU
		{1E82AF19-8B80-421F-8A25-0E83819D3658}.Debug|Any CPU.Build.0 = Debug|Any CPU
		{1E82AF19-8B80-421F-8A25-0E83819D3658}.Release|Any CPU.ActiveCfg = Release|Any CPU
		{1E82AF19-8B80-421F-8A25-0E83819D3658}.Release|Any CPU.Build.0 = Release|Any CPU
		{15B5C649-0007-4AE3-8B5D-7F00103917E9}.Debug|Any CPU.ActiveCfg = Debug|Any CPU
		{15B5C649-0007-4AE3-8B5D-7F00103917E9}.Debug|Any CPU.Build.0 = Debug|Any CPU
		{15B5C649-0007-4AE3-8B5D-7F00103917E9}.Release|Any CPU.ActiveCfg = Release|Any CPU
		{15B5C649-0007-4AE3-8B5D-7F00103917E9}.Release|Any CPU.Build.0 = Release|Any CPU
		{8921DBB2-12B1-4963-A744-28BF6ED29915}.Debug|Any CPU.ActiveCfg = Debug|Any CPU
		{8921DBB2-12B1-4963-A744-28BF6ED29915}.Debug|Any CPU.Build.0 = Debug|Any CPU
		{8921DBB2-12B1-4963-A744-28BF6ED29915}.Release|Any CPU.ActiveCfg = Release|Any CPU
		{8921DBB2-12B1-4963-A744-28BF6ED29915}.Release|Any CPU.Build.0 = Release|Any CPU
		{9E0B597C-4E66-4621-B230-7036DA70DC6C}.Debug|Any CPU.ActiveCfg = Debug|Any CPU
		{9E0B597C-4E66-4621-B230-7036DA70DC6C}.Debug|Any CPU.Build.0 = Debug|Any CPU
		{9E0B597C-4E66-4621-B230-7036DA70DC6C}.Release|Any CPU.ActiveCfg = Release|Any CPU
		{9E0B597C-4E66-4621-B230-7036DA70DC6C}.Release|Any CPU.Build.0 = Release|Any CPU
		{0BC925DF-D8D6-4003-8048-7C58C145BB15}.Debug|Any CPU.ActiveCfg = Debug|Any CPU
		{0BC925DF-D8D6-4003-8048-7C58C145BB15}.Debug|Any CPU.Build.0 = Debug|Any CPU
		{0BC925DF-D8D6-4003-8048-7C58C145BB15}.Release|Any CPU.ActiveCfg = Release|Any CPU
		{0BC925DF-D8D6-4003-8048-7C58C145BB15}.Release|Any CPU.Build.0 = Release|Any CPU
		{03B77C9A-4805-4491-813D-9931323914A6}.Debug|Any CPU.ActiveCfg = Debug|Any CPU
		{03B77C9A-4805-4491-813D-9931323914A6}.Debug|Any CPU.Build.0 = Debug|Any CPU
		{03B77C9A-4805-4491-813D-9931323914A6}.Release|Any CPU.ActiveCfg = Release|Any CPU
		{03B77C9A-4805-4491-813D-9931323914A6}.Release|Any CPU.Build.0 = Release|Any CPU
		{E9F89FBC-055F-4212-A50A-39089D9BFD78}.Debug|Any CPU.ActiveCfg = Debug|Any CPU
		{E9F89FBC-055F-4212-A50A-39089D9BFD78}.Debug|Any CPU.Build.0 = Debug|Any CPU
		{E9F89FBC-055F-4212-A50A-39089D9BFD78}.Release|Any CPU.ActiveCfg = Release|Any CPU
		{E9F89FBC-055F-4212-A50A-39089D9BFD78}.Release|Any CPU.Build.0 = Release|Any CPU
		{6A14F7F9-CDDD-45AE-8A2B-8821B8BBD4A2}.Debug|Any CPU.ActiveCfg = Debug|Any CPU
		{6A14F7F9-CDDD-45AE-8A2B-8821B8BBD4A2}.Debug|Any CPU.Build.0 = Debug|Any CPU
		{6A14F7F9-CDDD-45AE-8A2B-8821B8BBD4A2}.Release|Any CPU.ActiveCfg = Release|Any CPU
		{6A14F7F9-CDDD-45AE-8A2B-8821B8BBD4A2}.Release|Any CPU.Build.0 = Release|Any CPU
		{BEDD4EE4-97E0-4C6C-B1F5-B0B150EE13DE}.Debug|Any CPU.ActiveCfg = Debug|Any CPU
		{BEDD4EE4-97E0-4C6C-B1F5-B0B150EE13DE}.Debug|Any CPU.Build.0 = Debug|Any CPU
		{BEDD4EE4-97E0-4C6C-B1F5-B0B150EE13DE}.Release|Any CPU.ActiveCfg = Release|Any CPU
		{BEDD4EE4-97E0-4C6C-B1F5-B0B150EE13DE}.Release|Any CPU.Build.0 = Release|Any CPU
	EndGlobalSection
	GlobalSection(SolutionProperties) = preSolution
		HideSolutionNode = FALSE
	EndGlobalSection
EndGlobal
